{
  "name": "server",
  "version": "1.0.0",
  "lockfileVersion": 1,
  "requires": true,
  "dependencies": {
    "@types/node": {
      "version": "11.10.5",
      "resolved": "https://registry.npmjs.org/@types/node/-/node-11.10.5.tgz",
      "integrity": "sha512-DuIRlQbX4K+d5I+GMnv+UfnGh+ist0RdlvOp+JZ7ePJ6KQONCFQv/gKYSU1ZzbVdFSUCKZOltjmpFAGGv5MdYA==",
      "dev": true
    },
    "async-limiter": {
      "version": "1.0.0",
      "resolved": "https://registry.npmjs.org/async-limiter/-/async-limiter-1.0.0.tgz",
      "integrity": "sha512-jp/uFnooOiO+L211eZOoSyzpOITMXx1rBITauYykG3BRYPu8h0UcxsPNB04RR5vo4Tyz3+ay17tR6JVf9qzYWg=="
    },
    "whevent": {
      "version": "2.0.4",
      "resolved": "https://registry.npmjs.org/whevent/-/whevent-2.0.4.tgz",
      "integrity": "sha512-e7YbumlWntmfdl1XF8SL/em2vFmv7DyU3XPoKtbYpemeAi521MJFxD9dsLSsy6fN//SifN7Q9WOVDRR7um5b8w=="
    },
    "ws": {
      "version": "6.2.0",
      "resolved": "https://registry.npmjs.org/ws/-/ws-6.2.0.tgz",
      "integrity": "sha512-deZYUNlt2O4buFCa3t5bKLf8A7FPP/TVjwOeVNpw818Ma5nk4MLXls2eoEGS39o8119QIYxTrTDoPQ5B/gTD6w==",
      "requires": {
        "async-limiter": "~1.0.0"
      }
    }
  }
}
